{
  "name": "miniprogram",
  "version": "1.0.0",
  "lockfileVersion": 3,
  "requires": true,
  "packages": {
    "": {
      "name": "miniprogram",
      "version": "1.0.0",
      "license": "ISC",
      "dependencies": {
        "tdesign-miniprogram": "^1.15.0"
      }
    },
    "node_modules/tdesign-miniprogram": {
      "version": "1.15.0",
      "resolved": "https://registry.npmmirror.com/tdesign-miniprogram/-/tdesign-miniprogram-1.15.0.tgz",
      "integrity": "sha512-qP1CpUltY4T3SeC1xa4lrI/SnfKF5vwqwF1wyUc3TzIPMdyMBGyXxqBskQKrsIxcoAKSM21n0zsINbtafV/Nhg==",
      "license": "MIT"
    }
  }
}
